// !$*UTF8*$!
{
	archiveVersion = 1;
	classes = {
	};
	objectVersion = 55;
	objects = {

/* Begin PBXBuildFile section */
		3B0145BA28A53F3600503A3B /* StatisticModel.swift in Sources */ = {isa = PBXBuildFile; fileRef = 3B0145B928A53F3600503A3B /* StatisticModel.swift */; };
		3B0145BC28A5428F00503A3B /* StatisticView.swift in Sources */ = {isa = PBXBuildFile; fileRef = 3B0145BB28A5428F00503A3B /* StatisticView.swift */; };
		3B0145BE28A54A7B00503A3B /* HomeStasView.swift in Sources */ = {isa = PBXBuildFile; fileRef = 3B0145BD28A54A7B00503A3B /* HomeStasView.swift */; };
		3B0145C028A5616100503A3B /* MarketDataModel.swift in Sources */ = {isa = PBXBuildFile; fileRef = 3B0145BF28A5616100503A3B /* MarketDataModel.swift */; };
		3B0145C228A564DD00503A3B /* MarketDataService.swift in Sources */ = {isa = PBXBuildFile; fileRef = 3B0145C128A564DD00503A3B /* MarketDataService.swift */; };
		3B10B8342885D28800E7977C /* HomeViewModel.swift in Sources */ = {isa = PBXBuildFile; fileRef = 3B10B8332885D28800E7977C /* HomeViewModel.swift */; };
		3B51318D289ABFB900F65BFF /* NetworkingManager.swift in Sources */ = {isa = PBXBuildFile; fileRef = 3B51318C289ABFB900F65BFF /* NetworkingManager.swift */; };
		3B70BCBF28A1712A008D6C6D /* LocalFileManager.swift in Sources */ = {isa = PBXBuildFile; fileRef = 3B70BCBE28A1712A008D6C6D /* LocalFileManager.swift */; };
		3B70BCC128A18790008D6C6D /* SearchBarView.swift in Sources */ = {isa = PBXBuildFile; fileRef = 3B70BCC028A18790008D6C6D /* SearchBarView.swift */; };
		3B70BCC328A193D8008D6C6D /* UIApplication.swift in Sources */ = {isa = PBXBuildFile; fileRef = 3B70BCC228A193D8008D6C6D /* UIApplication.swift */; };
		3B7AAE2328A7EC9A0043CF5F /* CoinLogoView.swift in Sources */ = {isa = PBXBuildFile; fileRef = 3B7AAE2228A7EC9A0043CF5F /* CoinLogoView.swift */; };
		3B7AAE2628A95DFF0043CF5F /* PortfolioContainer.xcdatamodeld in Sources */ = {isa = PBXBuildFile; fileRef = 3B7AAE2428A95DFF0043CF5F /* PortfolioContainer.xcdatamodeld */; };
		3B7AAE2828A95E610043CF5F /* PortfolioService.swift in Sources */ = {isa = PBXBuildFile; fileRef = 3B7AAE2728A95E610043CF5F /* PortfolioService.swift */; };
		3BBACE3128A78B1300C6BE05 /* PortfolioView.swift in Sources */ = {isa = PBXBuildFile; fileRef = 3BBACE3028A78B1300C6BE05 /* PortfolioView.swift */; };
		3BBACE3328A79F8600C6BE05 /* XmarkButton.swift in Sources */ = {isa = PBXBuildFile; fileRef = 3BBACE3228A79F8600C6BE05 /* XmarkButton.swift */; };
		3BF33C12289C055A0062642B /* CoinImageView.swift in Sources */ = {isa = PBXBuildFile; fileRef = 3BF33C11289C055A0062642B /* CoinImageView.swift */; };
		3BF33C14289C1C040062642B /* CoinImageService.swift in Sources */ = {isa = PBXBuildFile; fileRef = 3BF33C13289C1C040062642B /* CoinImageService.swift */; };
		3BF33C16289C27500062642B /* CoinImageViewModel.swift in Sources */ = {isa = PBXBuildFile; fileRef = 3BF33C15289C27500062642B /* CoinImageViewModel.swift */; };
		3BF76DAC287CF28A0091226C /* CryptoAppApp.swift in Sources */ = {isa = PBXBuildFile; fileRef = 3BF76DAB287CF28A0091226C /* CryptoAppApp.swift */; };
		3BF76DAE287CF28A0091226C /* ContentView.swift in Sources */ = {isa = PBXBuildFile; fileRef = 3BF76DAD287CF28A0091226C /* ContentView.swift */; };
		3BF76DB0287CF28D0091226C /* Assets.xcassets in Resources */ = {isa = PBXBuildFile; fileRef = 3BF76DAF287CF28D0091226C /* Assets.xcassets */; };
		3BF76DB3287CF28D0091226C /* Preview Assets.xcassets in Resources */ = {isa = PBXBuildFile; fileRef = 3BF76DB2287CF28D0091226C /* Preview Assets.xcassets */; };
		3BF76DBB287DF2A00091226C /* Color.swift in Sources */ = {isa = PBXBuildFile; fileRef = 3BF76DBA287DF2A00091226C /* Color.swift */; };
		3BF76DC3287F0C750091226C /* CircleButtonView.swift in Sources */ = {isa = PBXBuildFile; fileRef = 3BF76DC2287F0C750091226C /* CircleButtonView.swift */; };
		3BF76DC5287F0FB90091226C /* HomeView.swift in Sources */ = {isa = PBXBuildFile; fileRef = 3BF76DC4287F0FB90091226C /* HomeView.swift */; };
		3BF76DC7287F50CF0091226C /* CircleButtonWithAnimationView.swift in Sources */ = {isa = PBXBuildFile; fileRef = 3BF76DC6287F50CF0091226C /* CircleButtonWithAnimationView.swift */; };
		3BF76DCA28808E270091226C /* CoinModel.swift in Sources */ = {isa = PBXBuildFile; fileRef = 3BF76DC928808E270091226C /* CoinModel.swift */; };
		3BF76DCC288404370091226C /* CoinRowView.swift in Sources */ = {isa = PBXBuildFile; fileRef = 3BF76DCB288404370091226C /* CoinRowView.swift */; };
		3BF76DCE288404760091226C /* PreviewProvider.swift in Sources */ = {isa = PBXBuildFile; fileRef = 3BF76DCD288404760091226C /* PreviewProvider.swift */; };
		3BF76DD0288412BB0091226C /* Double.swift in Sources */ = {isa = PBXBuildFile; fileRef = 3BF76DCF288412BB0091226C /* Double.swift */; };
		3BFACF3728985DCE0063E8F3 /* CoinDataService.swift in Sources */ = {isa = PBXBuildFile; fileRef = 3BFACF3628985DCE0063E8F3 /* CoinDataService.swift */; };
/* End PBXBuildFile section */

/* Begin PBXFileReference section */
		3B0145B928A53F3600503A3B /* StatisticModel.swift */ = {isa = PBXFileReference; lastKnownFileType = sourcecode.swift; path = StatisticModel.swift; sourceTree = "<group>"; };
		3B0145BB28A5428F00503A3B /* StatisticView.swift */ = {isa = PBXFileReference; lastKnownFileType = sourcecode.swift; path = StatisticView.swift; sourceTree = "<group>"; };
		3B0145BD28A54A7B00503A3B /* HomeStasView.swift */ = {isa = PBXFileReference; lastKnownFileType = sourcecode.swift; path = HomeStasView.swift; sourceTree = "<group>"; };
		3B0145BF28A5616100503A3B /* MarketDataModel.swift */ = {isa = PBXFileReference; lastKnownFileType = sourcecode.swift; path = MarketDataModel.swift; sourceTree = "<group>"; };
		3B0145C128A564DD00503A3B /* MarketDataService.swift */ = {isa = PBXFileReference; lastKnownFileType = sourcecode.swift; path = MarketDataService.swift; sourceTree = "<group>"; };
		3B10B8332885D28800E7977C /* HomeViewModel.swift */ = {isa = PBXFileReference; lastKnownFileType = sourcecode.swift; path = HomeViewModel.swift; sourceTree = "<group>"; };
		3B51318C289ABFB900F65BFF /* NetworkingManager.swift */ = {isa = PBXFileReference; lastKnownFileType = sourcecode.swift; path = NetworkingManager.swift; sourceTree = "<group>"; };
		3B70BCBE28A1712A008D6C6D /* LocalFileManager.swift */ = {isa = PBXFileReference; lastKnownFileType = sourcecode.swift; path = LocalFileManager.swift; sourceTree = "<group>"; };
		3B70BCC028A18790008D6C6D /* SearchBarView.swift */ = {isa = PBXFileReference; lastKnownFileType = sourcecode.swift; path = SearchBarView.swift; sourceTree = "<group>"; };
		3B70BCC228A193D8008D6C6D /* UIApplication.swift */ = {isa = PBXFileReference; lastKnownFileType = sourcecode.swift; path = UIApplication.swift; sourceTree = "<group>"; };
		3B7AAE2228A7EC9A0043CF5F /* CoinLogoView.swift */ = {isa = PBXFileReference; lastKnownFileType = sourcecode.swift; path = CoinLogoView.swift; sourceTree = "<group>"; };
		3B7AAE2528A95DFF0043CF5F /* PortfolioContainer.xcdatamodel */ = {isa = PBXFileReference; lastKnownFileType = wrapper.xcdatamodel; path = PortfolioContainer.xcdatamodel; sourceTree = "<group>"; };
		3B7AAE2728A95E610043CF5F /* PortfolioService.swift */ = {isa = PBXFileReference; lastKnownFileType = sourcecode.swift; path = PortfolioService.swift; sourceTree = "<group>"; };
		3BBACE3028A78B1300C6BE05 /* PortfolioView.swift */ = {isa = PBXFileReference; lastKnownFileType = sourcecode.swift; path = PortfolioView.swift; sourceTree = "<group>"; };
		3BBACE3228A79F8600C6BE05 /* XmarkButton.swift */ = {isa = PBXFileReference; lastKnownFileType = sourcecode.swift; path = XmarkButton.swift; sourceTree = "<group>"; };
		3BF33C11289C055A0062642B /* CoinImageView.swift */ = {isa = PBXFileReference; lastKnownFileType = sourcecode.swift; path = CoinImageView.swift; sourceTree = "<group>"; };
		3BF33C13289C1C040062642B /* CoinImageService.swift */ = {isa = PBXFileReference; lastKnownFileType = sourcecode.swift; path = CoinImageService.swift; sourceTree = "<group>"; };
		3BF33C15289C27500062642B /* CoinImageViewModel.swift */ = {isa = PBXFileReference; lastKnownFileType = sourcecode.swift; path = CoinImageViewModel.swift; sourceTree = "<group>"; };
		3BF76DA8287CF28A0091226C /* Crypto Tracker.app */ = {isa = PBXFileReference; explicitFileType = wrapper.application; includeInIndex = 0; path = "Crypto Tracker.app"; sourceTree = BUILT_PRODUCTS_DIR; };
		3BF76DAB287CF28A0091226C /* CryptoAppApp.swift */ = {isa = PBXFileReference; lastKnownFileType = sourcecode.swift; path = CryptoAppApp.swift; sourceTree = "<group>"; };
		3BF76DAD287CF28A0091226C /* ContentView.swift */ = {isa = PBXFileReference; lastKnownFileType = sourcecode.swift; path = ContentView.swift; sourceTree = "<group>"; };
		3BF76DAF287CF28D0091226C /* Assets.xcassets */ = {isa = PBXFileReference; lastKnownFileType = folder.assetcatalog; path = Assets.xcassets; sourceTree = "<group>"; };
		3BF76DB2287CF28D0091226C /* Preview Assets.xcassets */ = {isa = PBXFileReference; lastKnownFileType = folder.assetcatalog; path = "Preview Assets.xcassets"; sourceTree = "<group>"; };
		3BF76DBA287DF2A00091226C /* Color.swift */ = {isa = PBXFileReference; lastKnownFileType = sourcecode.swift; path = Color.swift; sourceTree = "<group>"; };
		3BF76DC2287F0C750091226C /* CircleButtonView.swift */ = {isa = PBXFileReference; lastKnownFileType = sourcecode.swift; path = CircleButtonView.swift; sourceTree = "<group>"; };
		3BF76DC4287F0FB90091226C /* HomeView.swift */ = {isa = PBXFileReference; lastKnownFileType = sourcecode.swift; path = HomeView.swift; sourceTree = "<group>"; };
		3BF76DC6287F50CF0091226C /* CircleButtonWithAnimationView.swift */ = {isa = PBXFileReference; lastKnownFileType = sourcecode.swift; path = CircleButtonWithAnimationView.swift; sourceTree = "<group>"; };
		3BF76DC928808E270091226C /* CoinModel.swift */ = {isa = PBXFileReference; lastKnownFileType = sourcecode.swift; path = CoinModel.swift; sourceTree = "<group>"; };
		3BF76DCB288404370091226C /* CoinRowView.swift */ = {isa = PBXFileReference; lastKnownFileType = sourcecode.swift; path = CoinRowView.swift; sourceTree = "<group>"; };
		3BF76DCD288404760091226C /* PreviewProvider.swift */ = {isa = PBXFileReference; lastKnownFileType = sourcecode.swift; path = PreviewProvider.swift; sourceTree = "<group>"; };
		3BF76DCF288412BB0091226C /* Double.swift */ = {isa = PBXFileReference; lastKnownFileType = sourcecode.swift; path = Double.swift; sourceTree = "<group>"; };
		3BFACF3628985DCE0063E8F3 /* CoinDataService.swift */ = {isa = PBXFileReference; lastKnownFileType = sourcecode.swift; path = CoinDataService.swift; sourceTree = "<group>"; };
/* End PBXFileReference section */

/* Begin PBXFrameworksBuildPhase section */
		3BF76DA5287CF28A0091226C /* Frameworks */ = {
			isa = PBXFrameworksBuildPhase;
			buildActionMask = 2147483647;
			files = (
			);
			runOnlyForDeploymentPostprocessing = 0;
		};
/* End PBXFrameworksBuildPhase section */

/* Begin PBXGroup section */
		3B51318B289ABE7700F65BFF /* Ultilities */ = {
			isa = PBXGroup;
			children = (
				3B51318C289ABFB900F65BFF /* NetworkingManager.swift */,
				3B70BCBE28A1712A008D6C6D /* LocalFileManager.swift */,
			);
			path = Ultilities;
			sourceTree = "<group>";
		};
		3BF33C10289BF2BC0062642B /* CoinImage */ = {
			isa = PBXGroup;
			children = (
				3BF33C11289C055A0062642B /* CoinImageView.swift */,
				3BF33C15289C27500062642B /* CoinImageViewModel.swift */,
				3B7AAE2228A7EC9A0043CF5F /* CoinLogoView.swift */,
			);
			path = CoinImage;
			sourceTree = "<group>";
		};
		3BF76D9F287CF28A0091226C = {
			isa = PBXGroup;
			children = (
				3BF76DAA287CF28A0091226C /* CryptoApp */,
				3BF76DA9287CF28A0091226C /* Products */,
			);
			sourceTree = "<group>";
		};
		3BF76DA9287CF28A0091226C /* Products */ = {
			isa = PBXGroup;
			children = (
				3BF76DA8287CF28A0091226C /* Crypto Tracker.app */,
			);
			name = Products;
			sourceTree = "<group>";
		};
		3BF76DAA287CF28A0091226C /* CryptoApp */ = {
			isa = PBXGroup;
			children = (
				3B51318B289ABE7700F65BFF /* Ultilities */,
				3BFACF3528985DAB0063E8F3 /* Services */,
				3BF76DC82880873A0091226C /* Models */,
				3BF76DBC287F0C1F0091226C /* Core */,
				3BF76DB9287DF2270091226C /* Extensions */,
				3BF76DAB287CF28A0091226C /* CryptoAppApp.swift */,
				3BF76DAD287CF28A0091226C /* ContentView.swift */,
				3BF76DAF287CF28D0091226C /* Assets.xcassets */,
				3BF76DB1287CF28D0091226C /* Preview Content */,
			);
			path = CryptoApp;
			sourceTree = "<group>";
		};
		3BF76DB1287CF28D0091226C /* Preview Content */ = {
			isa = PBXGroup;
			children = (
				3BF76DB2287CF28D0091226C /* Preview Assets.xcassets */,
			);
			path = "Preview Content";
			sourceTree = "<group>";
		};
		3BF76DB9287DF2270091226C /* Extensions */ = {
			isa = PBXGroup;
			children = (
				3BF76DBA287DF2A00091226C /* Color.swift */,
				3BF76DCD288404760091226C /* PreviewProvider.swift */,
				3BF76DCF288412BB0091226C /* Double.swift */,
				3B70BCC228A193D8008D6C6D /* UIApplication.swift */,
			);
			path = Extensions;
			sourceTree = "<group>";
		};
		3BF76DBC287F0C1F0091226C /* Core */ = {
			isa = PBXGroup;
			children = (
				3BF76DBE287F0C340091226C /* Home */,
				3BF76DBD287F0C2B0091226C /* Components */,
			);
			path = Core;
			sourceTree = "<group>";
		};
		3BF76DBD287F0C2B0091226C /* Components */ = {
			isa = PBXGroup;
			children = (
				3BF33C10289BF2BC0062642B /* CoinImage */,
				3BF76DC1287F0C520091226C /* CircleButton */,
				3B70BCC028A18790008D6C6D /* SearchBarView.swift */,
				3B0145BB28A5428F00503A3B /* StatisticView.swift */,
				3BBACE3228A79F8600C6BE05 /* XmarkButton.swift */,
			);
			path = Components;
			sourceTree = "<group>";
		};
		3BF76DBE287F0C340091226C /* Home */ = {
			isa = PBXGroup;
			children = (
				3BF76DC0287F0C470091226C /* Views */,
				3BF76DBF287F0C3C0091226C /* ViewModels */,
			);
			path = Home;
			sourceTree = "<group>";
		};
		3BF76DBF287F0C3C0091226C /* ViewModels */ = {
			isa = PBXGroup;
			children = (
				3B10B8332885D28800E7977C /* HomeViewModel.swift */,
			);
			path = ViewModels;
			sourceTree = "<group>";
		};
		3BF76DC0287F0C470091226C /* Views */ = {
			isa = PBXGroup;
			children = (
				3BF76DC4287F0FB90091226C /* HomeView.swift */,
				3BF76DCB288404370091226C /* CoinRowView.swift */,
				3B0145BD28A54A7B00503A3B /* HomeStasView.swift */,
				3BBACE3028A78B1300C6BE05 /* PortfolioView.swift */,
			);
			path = Views;
			sourceTree = "<group>";
		};
		3BF76DC1287F0C520091226C /* CircleButton */ = {
			isa = PBXGroup;
			children = (
				3BF76DC2287F0C750091226C /* CircleButtonView.swift */,
				3BF76DC6287F50CF0091226C /* CircleButtonWithAnimationView.swift */,
			);
			path = CircleButton;
			sourceTree = "<group>";
		};
		3BF76DC82880873A0091226C /* Models */ = {
			isa = PBXGroup;
			children = (
				3B0145B928A53F3600503A3B /* StatisticModel.swift */,
				3BF76DC928808E270091226C /* CoinModel.swift */,
				3B0145BF28A5616100503A3B /* MarketDataModel.swift */,
				3B7AAE2428A95DFF0043CF5F /* PortfolioContainer.xcdatamodeld */,
			);
			path = Models;
			sourceTree = "<group>";
		};
		3BFACF3528985DAB0063E8F3 /* Services */ = {
			isa = PBXGroup;
			children = (
				3BFACF3628985DCE0063E8F3 /* CoinDataService.swift */,
				3BF33C13289C1C040062642B /* CoinImageService.swift */,
				3B0145C128A564DD00503A3B /* MarketDataService.swift */,
				3B7AAE2728A95E610043CF5F /* PortfolioService.swift */,
			);
			path = Services;
			sourceTree = "<group>";
		};
/* End PBXGroup section */

/* Begin PBXNativeTarget section */
		3BF76DA7287CF28A0091226C /* CryptoApp */ = {
			isa = PBXNativeTarget;
			buildConfigurationList = 3BF76DB6287CF28D0091226C /* Build configuration list for PBXNativeTarget "CryptoApp" */;
			buildPhases = (
				3BF76DA4287CF28A0091226C /* Sources */,
				3BF76DA5287CF28A0091226C /* Frameworks */,
				3BF76DA6287CF28A0091226C /* Resources */,
			);
			buildRules = (
			);
			dependencies = (
			);
			name = CryptoApp;
			productName = CryptoApp;
			productReference = 3BF76DA8287CF28A0091226C /* Crypto Tracker.app */;
			productType = "com.apple.product-type.application";
		};
/* End PBXNativeTarget section */

/* Begin PBXProject section */
		3BF76DA0287CF28A0091226C /* Project object */ = {
			isa = PBXProject;
			attributes = {
				BuildIndependentTargetsInParallel = 1;
				LastSwiftUpdateCheck = 1340;
				LastUpgradeCheck = 1340;
				TargetAttributes = {
					3BF76DA7287CF28A0091226C = {
						CreatedOnToolsVersion = 13.4.1;
					};
				};
			};
			buildConfigurationList = 3BF76DA3287CF28A0091226C /* Build configuration list for PBXProject "CryptoApp" */;
			compatibilityVersion = "Xcode 13.0";
			developmentRegion = en;
			hasScannedForEncodings = 0;
			knownRegions = (
				en,
				Base,
			);
			mainGroup = 3BF76D9F287CF28A0091226C;
			productRefGroup = 3BF76DA9287CF28A0091226C /* Products */;
			projectDirPath = "";
			projectRoot = "";
			targets = (
				3BF76DA7287CF28A0091226C /* CryptoApp */,
			);
		};
/* End PBXProject section */

/* Begin PBXResourcesBuildPhase section */
		3BF76DA6287CF28A0091226C /* Resources */ = {
			isa = PBXResourcesBuildPhase;
			buildActionMask = 2147483647;
			files = (
				3BF76DB3287CF28D0091226C /* Preview Assets.xcassets in Resources */,
				3BF76DB0287CF28D0091226C /* Assets.xcassets in Resources */,
			);
			runOnlyForDeploymentPostprocessing = 0;
		};
/* End PBXResourcesBuildPhase section */

/* Begin PBXSourcesBuildPhase section */
		3BF76DA4287CF28A0091226C /* Sources */ = {
			isa = PBXSourcesBuildPhase;
			buildActionMask = 2147483647;
			files = (
				3B7AAE2628A95DFF0043CF5F /* PortfolioContainer.xcdatamodeld in Sources */,
				3B0145BA28A53F3600503A3B /* StatisticModel.swift in Sources */,
				3BFACF3728985DCE0063E8F3 /* CoinDataService.swift in Sources */,
				3BF76DCC288404370091226C /* CoinRowView.swift in Sources */,
				3B10B8342885D28800E7977C /* HomeViewModel.swift in Sources */,
				3BF76DAE287CF28A0091226C /* ContentView.swift in Sources */,
				3B70BCBF28A1712A008D6C6D /* LocalFileManager.swift in Sources */,
				3B0145C028A5616100503A3B /* MarketDataModel.swift in Sources */,
				3B7AAE2828A95E610043CF5F /* PortfolioService.swift in Sources */,
				3BF76DAC287CF28A0091226C /* CryptoAppApp.swift in Sources */,
				3B0145BC28A5428F00503A3B /* StatisticView.swift in Sources */,
				3BF33C12289C055A0062642B /* CoinImageView.swift in Sources */,
				3BF76DC3287F0C750091226C /* CircleButtonView.swift in Sources */,
				3B0145BE28A54A7B00503A3B /* HomeStasView.swift in Sources */,
				3B70BCC328A193D8008D6C6D /* UIApplication.swift in Sources */,
				3BF76DC5287F0FB90091226C /* HomeView.swift in Sources */,
				3BF76DBB287DF2A00091226C /* Color.swift in Sources */,
				3B70BCC128A18790008D6C6D /* SearchBarView.swift in Sources */,
				3B51318D289ABFB900F65BFF /* NetworkingManager.swift in Sources */,
				3B7AAE2328A7EC9A0043CF5F /* CoinLogoView.swift in Sources */,
				3BBACE3328A79F8600C6BE05 /* XmarkButton.swift in Sources */,
				3B0145C228A564DD00503A3B /* MarketDataService.swift in Sources */,
				3BF76DC7287F50CF0091226C /* CircleButtonWithAnimationView.swift in Sources */,
				3BF33C16289C27500062642B /* CoinImageViewModel.swift in Sources */,
				3BF76DCE288404760091226C /* PreviewProvider.swift in Sources */,
				3BBACE3128A78B1300C6BE05 /* PortfolioView.swift in Sources */,
				3BF76DD0288412BB0091226C /* Double.swift in Sources */,
				3BF33C14289C1C040062642B /* CoinImageService.swift in Sources */,
				3BF76DCA28808E270091226C /* CoinModel.swift in Sources */,
			);
			runOnlyForDeploymentPostprocessing = 0;
		};
/* End PBXSourcesBuildPhase section */

/* Begin XCBuildConfiguration section */
		3BF76DB4287CF28D0091226C /* Debug */ = {
			isa = XCBuildConfiguration;
			buildSettings = {
				ALWAYS_SEARCH_USER_PATHS = NO;
				CLANG_ANALYZER_NONNULL = YES;
				CLANG_ANALYZER_NUMBER_OBJECT_CONVERSION = YES_AGGRESSIVE;
				CLANG_CXX_LANGUAGE_STANDARD = "gnu++17";
				CLANG_ENABLE_MODULES = YES;
				CLANG_ENABLE_OBJC_ARC = YES;
				CLANG_ENABLE_OBJC_WEAK = YES;
				CLANG_WARN_BLOCK_CAPTURE_AUTORELEASING = YES;
				CLANG_WARN_BOOL_CONVERSION = YES;
				CLANG_WARN_COMMA = YES;
				CLANG_WARN_CONSTANT_CONVERSION = YES;
				CLANG_WARN_DEPRECATED_OBJC_IMPLEMENTATIONS = YES;
				CLANG_WARN_DIRECT_OBJC_ISA_USAGE = YES_ERROR;
				CLANG_WARN_DOCUMENTATION_COMMENTS = YES;
				CLANG_WARN_EMPTY_BODY = YES;
				CLANG_WARN_ENUM_CONVERSION = YES;
				CLANG_WARN_INFINITE_RECURSION = YES;
				CLANG_WARN_INT_CONVERSION = YES;
				CLANG_WARN_NON_LITERAL_NULL_CONVERSION = YES;
				CLANG_WARN_OBJC_IMPLICIT_RETAIN_SELF = YES;
				CLANG_WARN_OBJC_LITERAL_CONVERSION = YES;
				CLANG_WARN_OBJC_ROOT_CLASS = YES_ERROR;
				CLANG_WARN_QUOTED_INCLUDE_IN_FRAMEWORK_HEADER = YES;
				CLANG_WARN_RANGE_LOOP_ANALYSIS = YES;
				CLANG_WARN_STRICT_PROTOTYPES = YES;
				CLANG_WARN_SUSPICIOUS_MOVE = YES;
				CLANG_WARN_UNGUARDED_AVAILABILITY = YES_AGGRESSIVE;
				CLANG_WARN_UNREACHABLE_CODE = YES;
				CLANG_WARN__DUPLICATE_METHOD_MATCH = YES;
				COPY_PHASE_STRIP = NO;
				DEBUG_INFORMATION_FORMAT = dwarf;
				ENABLE_STRICT_OBJC_MSGSEND = YES;
				ENABLE_TESTABILITY = YES;
				GCC_C_LANGUAGE_STANDARD = gnu11;
				GCC_DYNAMIC_NO_PIC = NO;
				GCC_NO_COMMON_BLOCKS = YES;
				GCC_OPTIMIZATION_LEVEL = 0;
				GCC_PREPROCESSOR_DEFINITIONS = (
					"DEBUG=1",
					"$(inherited)",
				);
				GCC_WARN_64_TO_32_BIT_CONVERSION = YES;
				GCC_WARN_ABOUT_RETURN_TYPE = YES_ERROR;
				GCC_WARN_UNDECLARED_SELECTOR = YES;
				GCC_WARN_UNINITIALIZED_AUTOS = YES_AGGRESSIVE;
				GCC_WARN_UNUSED_FUNCTION = YES;
				GCC_WARN_UNUSED_VARIABLE = YES;
				IPHONEOS_DEPLOYMENT_TARGET = 15.5;
				MTL_ENABLE_DEBUG_INFO = INCLUDE_SOURCE;
				MTL_FAST_MATH = YES;
				ONLY_ACTIVE_ARCH = YES;
				SDKROOT = iphoneos;
				SWIFT_ACTIVE_COMPILATION_CONDITIONS = DEBUG;
				SWIFT_OPTIMIZATION_LEVEL = "-Onone";
			};
			name = Debug;
		};
		3BF76DB5287CF28D0091226C /* Release */ = {
			isa = XCBuildConfiguration;
			buildSettings = {
				ALWAYS_SEARCH_USER_PATHS = NO;
				CLANG_ANALYZER_NONNULL = YES;
				CLANG_ANALYZER_NUMBER_OBJECT_CONVERSION = YES_AGGRESSIVE;
				CLANG_CXX_LANGUAGE_STANDARD = "gnu++17";
				CLANG_ENABLE_MODULES = YES;
				CLANG_ENABLE_OBJC_ARC = YES;
				CLANG_ENABLE_OBJC_WEAK = YES;
				CLANG_WARN_BLOCK_CAPTURE_AUTORELEASING = YES;
				CLANG_WARN_BOOL_CONVERSION = YES;
				CLANG_WARN_COMMA = YES;
				CLANG_WARN_CONSTANT_CONVERSION = YES;
				CLANG_WARN_DEPRECATED_OBJC_IMPLEMENTATIONS = YES;
				CLANG_WARN_DIRECT_OBJC_ISA_USAGE = YES_ERROR;
				CLANG_WARN_DOCUMENTATION_COMMENTS = YES;
				CLANG_WARN_EMPTY_BODY = YES;
				CLANG_WARN_ENUM_CONVERSION = YES;
				CLANG_WARN_INFINITE_RECURSION = YES;
				CLANG_WARN_INT_CONVERSION = YES;
				CLANG_WARN_NON_LITERAL_NULL_CONVERSION = YES;
				CLANG_WARN_OBJC_IMPLICIT_RETAIN_SELF = YES;
				CLANG_WARN_OBJC_LITERAL_CONVERSION = YES;
				CLANG_WARN_OBJC_ROOT_CLASS = YES_ERROR;
				CLANG_WARN_QUOTED_INCLUDE_IN_FRAMEWORK_HEADER = YES;
				CLANG_WARN_RANGE_LOOP_ANALYSIS = YES;
				CLANG_WARN_STRICT_PROTOTYPES = YES;
				CLANG_WARN_SUSPICIOUS_MOVE = YES;
				CLANG_WARN_UNGUARDED_AVAILABILITY = YES_AGGRESSIVE;
				CLANG_WARN_UNREACHABLE_CODE = YES;
				CLANG_WARN__DUPLICATE_METHOD_MATCH = YES;
				COPY_PHASE_STRIP = NO;
				DEBUG_INFORMATION_FORMAT = "dwarf-with-dsym";
				ENABLE_NS_ASSERTIONS = NO;
				ENABLE_STRICT_OBJC_MSGSEND = YES;
				GCC_C_LANGUAGE_STANDARD = gnu11;
				GCC_NO_COMMON_BLOCKS = YES;
				GCC_WARN_64_TO_32_BIT_CONVERSION = YES;
				GCC_WARN_ABOUT_RETURN_TYPE = YES_ERROR;
				GCC_WARN_UNDECLARED_SELECTOR = YES;
				GCC_WARN_UNINITIALIZED_AUTOS = YES_AGGRESSIVE;
				GCC_WARN_UNUSED_FUNCTION = YES;
				GCC_WARN_UNUSED_VARIABLE = YES;
				IPHONEOS_DEPLOYMENT_TARGET = 15.5;
				MTL_ENABLE_DEBUG_INFO = NO;
				MTL_FAST_MATH = YES;
				SDKROOT = iphoneos;
				SWIFT_COMPILATION_MODE = wholemodule;
				SWIFT_OPTIMIZATION_LEVEL = "-O";
				VALIDATE_PRODUCT = YES;
			};
			name = Release;
		};
		3BF76DB7287CF28D0091226C /* Debug */ = {
			isa = XCBuildConfiguration;
			buildSettings = {
				ASSETCATALOG_COMPILER_APPICON_NAME = AppIcon;
				ASSETCATALOG_COMPILER_GLOBAL_ACCENT_COLOR_NAME = AccentColor;
				CODE_SIGN_STYLE = Automatic;
				CURRENT_PROJECT_VERSION = 1;
				DEVELOPMENT_ASSET_PATHS = "\"CryptoApp/Preview Content\"";
				DEVELOPMENT_TEAM = 7GSQQV5V5S;
				ENABLE_PREVIEWS = YES;
				GENERATE_INFOPLIST_FILE = YES;
				INFOPLIST_KEY_UIApplicationSceneManifest_Generation = YES;
				INFOPLIST_KEY_UIApplicationSupportsIndirectInputEvents = YES;
				INFOPLIST_KEY_UILaunchScreen_Generation = YES;
				INFOPLIST_KEY_UISupportedInterfaceOrientations = UIInterfaceOrientationPortrait;
				INFOPLIST_KEY_UISupportedInterfaceOrientations_iPad = "UIInterfaceOrientationPortrait UIInterfaceOrientationPortraitUpsideDown UIInterfaceOrientationLandscapeLeft UIInterfaceOrientationLandscapeRight";
				INFOPLIST_KEY_UISupportedInterfaceOrientations_iPhone = "UIInterfaceOrientationPortrait UIInterfaceOrientationLandscapeLeft UIInterfaceOrientationLandscapeRight";
				LD_RUNPATH_SEARCH_PATHS = (
					"$(inherited)",
					"@executable_path/Frameworks",
				);
				MARKETING_VERSION = 1.0;
				PRODUCT_BUNDLE_IDENTIFIER = Krak9n.CryptoApp;
				PRODUCT_NAME = "Crypto Tracker";
				SWIFT_EMIT_LOC_STRINGS = YES;
				SWIFT_VERSION = 5.0;
				TARGETED_DEVICE_FAMILY = "1,2";
			};
			name = Debug;
		};
		3BF76DB8287CF28D0091226C /* Release */ = {
			isa = XCBuildConfiguration;
			buildSettings = {
				ASSETCATALOG_COMPILER_APPICON_NAME = AppIcon;
				ASSETCATALOG_COMPILER_GLOBAL_ACCENT_COLOR_NAME = AccentColor;
				CODE_SIGN_STYLE = Automatic;
				CURRENT_PROJECT_VERSION = 1;
				DEVELOPMENT_ASSET_PATHS = "\"CryptoApp/Preview Content\"";
				DEVELOPMENT_TEAM = 7GSQQV5V5S;
				ENABLE_PREVIEWS = YES;
				GENERATE_INFOPLIST_FILE = YES;
				INFOPLIST_KEY_UIApplicationSceneManifest_Generation = YES;
				INFOPLIST_KEY_UIApplicationSupportsIndirectInputEvents = YES;
				INFOPLIST_KEY_UILaunchScreen_Generation = YES;
				INFOPLIST_KEY_UISupportedInterfaceOrientations = UIInterfaceOrientationPortrait;
				INFOPLIST_KEY_UISupportedInterfaceOrientations_iPad = "UIInterfaceOrientationPortrait UIInterfaceOrientationPortraitUpsideDown UIInterfaceOrientationLandscapeLeft UIInterfaceOrientationLandscapeRight";
				INFOPLIST_KEY_UISupportedInterfaceOrientations_iPhone = "UIInterfaceOrientationPortrait UIInterfaceOrientationLandscapeLeft UIInterfaceOrientationLandscapeRight";
				LD_RUNPATH_SEARCH_PATHS = (
					"$(inherited)",
					"@executable_path/Frameworks",
				);
				MARKETING_VERSION = 1.0;
				PRODUCT_BUNDLE_IDENTIFIER = Krak9n.CryptoApp;
				PRODUCT_NAME = "Crypto Tracker";
				SWIFT_EMIT_LOC_STRINGS = YES;
				SWIFT_VERSION = 5.0;
				TARGETED_DEVICE_FAMILY = "1,2";
			};
			name = Release;
		};
/* End XCBuildConfiguration section */

/* Begin XCConfigurationList section */
		3BF76DA3287CF28A0091226C /* Build configuration list for PBXProject "CryptoApp" */ = {
			isa = XCConfigurationList;
			buildConfigurations = (
				3BF76DB4287CF28D0091226C /* Debug */,
				3BF76DB5287CF28D0091226C /* Release */,
			);
			defaultConfigurationIsVisible = 0;
			defaultConfigurationName = Release;
		};
		3BF76DB6287CF28D0091226C /* Build configuration list for PBXNativeTarget "CryptoApp" */ = {
			isa = XCConfigurationList;
			buildConfigurations = (
				3BF76DB7287CF28D0091226C /* Debug */,
				3BF76DB8287CF28D0091226C /* Release */,
			);
			defaultConfigurationIsVisible = 0;
			defaultConfigurationName = Release;
		};
/* End XCConfigurationList section */

/* Begin XCVersionGroup section */
		3B7AAE2428A95DFF0043CF5F /* PortfolioContainer.xcdatamodeld */ = {
			isa = XCVersionGroup;
			children = (
				3B7AAE2528A95DFF0043CF5F /* PortfolioContainer.xcdatamodel */,
			);
			currentVersion = 3B7AAE2528A95DFF0043CF5F /* PortfolioContainer.xcdatamodel */;
			path = PortfolioContainer.xcdatamodeld;
			sourceTree = "<group>";
			versionGroupType = wrapper.xcdatamodel;
		};
/* End XCVersionGroup section */
	};
	rootObject = 3BF76DA0287CF28A0091226C /* Project object */;
}
